
Microsoft Visual Studio Solution File, Format Version 12.00
# Visual Studio Version 17
VisualStudioVersion = 17.5.002.0
MinimumVisualStudioVersion = 10.0.40219.1
Project("{9A19103F-16F7-4668-BE54-9A1E7A4F7556}") = "EFCorePlayground", "EFCorePlayground.csproj", "{C2C9FA50-5688-4B7C-A125-209880C3158C}"
EndProject
Global
	GlobalSection(SolutionConfigurationPlatforms) = preSolution
		Debug|Any CPU = Debug|Any CPU
		Release|Any CPU = Release|Any CPU
	EndGlobalSection
	GlobalSection(ProjectConfigurationPlatforms) = postSolution
		{C2C9FA50-5688-4B7C-A125-209880C3158C}.Debug|Any CPU.ActiveCfg = Debug|Any CPU
		{C2C9FA50-5688-4B7C-A125-209880C3158C}.Debug|Any CPU.Build.0 = Debug|Any CPU
		{C2C9FA50-5688-4B7C-A125-209880C3158C}.Release|Any CPU.ActiveCfg = Release|Any CPU
		{C2C9FA50-5688-4B7C-A125-209880C3158C}.Release|Any CPU.Build.0 = Release|Any CPU
	EndGlobalSection
	GlobalSection(SolutionProperties) = preSolution
		HideSolutionNode = FALSE
	EndGlobalSection
	GlobalSection(ExtensibilityGlobals) = postSolution
		SolutionGuid = {0AFBECCF-8B99-4A07-9AB6-0305F13CA339}
	EndGlobalSection
EndGlobal
